// !$*UTF8*$!
{
	archiveVersion = 1;
	classes = {
	};
	objectVersion = 77;
	objects = {

/* Begin PBXBuildFile section */
		F440241A2EBE423D006053C2 /* FirebaseAI in Frameworks */ = {isa = PBXBuildFile; productRef = F44024192EBE423D006053C2 /* FirebaseAI */; };
		F440241C2EBE423D006053C2 /* FirebaseAILogic in Frameworks */ = {isa = PBXBuildFile; productRef = F440241B2EBE423D006053C2 /* FirebaseAILogic */; };
		F440241E2EBE423D006053C2 /* FirebaseAnalytics in Frameworks */ = {isa = PBXBuildFile; productRef = F440241D2EBE423D006053C2 /* FirebaseAnalytics */; };
		F44024202EBE423D006053C2 /* FirebaseAnalyticsCore in Frameworks */ = {isa = PBXBuildFile; productRef = F440241F2EBE423D006053C2 /* FirebaseAnalyticsCore */; };
		F44024222EBE423D006053C2 /* FirebaseAnalyticsIdentitySupport in Frameworks */ = {isa = PBXBuildFile; productRef = F44024212EBE423D006053C2 /* FirebaseAnalyticsIdentitySupport */; };
		F44024432EBE44BC006053C2 /* FirebaseAppCheck in Frameworks */ = {isa = PBXBuildFile; productRef = F44024422EBE44BC006053C2 /* FirebaseAppCheck */; };
		F44024452EBE44BC006053C2 /* FirebaseAppDistribution-Beta in Frameworks */ = {isa = PBXBuildFile; productRef = F44024442EBE44BC006053C2 /* FirebaseAppDistribution-Beta */; };
		F44024472EBE44BC006053C2 /* FirebaseAuth in Frameworks */ = {isa = PBXBuildFile; productRef = F44024462EBE44BC006053C2 /* FirebaseAuth */; };
		F44024492EBE44BC006053C2 /* FirebaseAuthCombine-Community in Frameworks */ = {isa = PBXBuildFile; productRef = F44024482EBE44BC006053C2 /* FirebaseAuthCombine-Community */; };
		F440244B2EBE44BC006053C2 /* FirebaseCore in Frameworks */ = {isa = PBXBuildFile; productRef = F440244A2EBE44BC006053C2 /* FirebaseCore */; };
		F440244D2EBE44BC006053C2 /* FirebaseCrashlytics in Frameworks */ = {isa = PBXBuildFile; productRef = F440244C2EBE44BC006053C2 /* FirebaseCrashlytics */; };
		F440244F2EBE44BC006053C2 /* FirebaseDatabase in Frameworks */ = {isa = PBXBuildFile; productRef = F440244E2EBE44BC006053C2 /* FirebaseDatabase */; };
		F44024512EBE44BC006053C2 /* FirebaseFirestore in Frameworks */ = {isa = PBXBuildFile; productRef = F44024502EBE44BC006053C2 /* FirebaseFirestore */; };
		F44024532EBE44BC006053C2 /* FirebaseFirestoreCombine-Community in Frameworks */ = {isa = PBXBuildFile; productRef = F44024522EBE44BC006053C2 /* FirebaseFirestoreCombine-Community */; };
		F44024552EBE44BC006053C2 /* FirebaseFunctions in Frameworks */ = {isa = PBXBuildFile; productRef = F44024542EBE44BC006053C2 /* FirebaseFunctions */; };
		F44024572EBE44BC006053C2 /* FirebaseFunctionsCombine-Community in Frameworks */ = {isa = PBXBuildFile; productRef = F44024562EBE44BC006053C2 /* FirebaseFunctionsCombine-Community */; };
		F44024592EBE44BC006053C2 /* FirebaseInAppMessaging-Beta in Frameworks */ = {isa = PBXBuildFile; productRef = F44024582EBE44BC006053C2 /* FirebaseInAppMessaging-Beta */; };
		F440245B2EBE44BC006053C2 /* FirebaseInstallations in Frameworks */ = {isa = PBXBuildFile; productRef = F440245A2EBE44BC006053C2 /* FirebaseInstallations */; };
		F440245D2EBE44BD006053C2 /* FirebaseMLModelDownloader in Frameworks */ = {isa = PBXBuildFile; productRef = F440245C2EBE44BD006053C2 /* FirebaseMLModelDownloader */; };
		F440245F2EBE44BD006053C2 /* FirebaseMessaging in Frameworks */ = {isa = PBXBuildFile; productRef = F440245E2EBE44BD006053C2 /* FirebaseMessaging */; };
		F44024612EBE44BD006053C2 /* FirebasePerformance in Frameworks */ = {isa = PBXBuildFile; productRef = F44024602EBE44BD006053C2 /* FirebasePerformance */; };
		F44024632EBE44BD006053C2 /* FirebaseRemoteConfig in Frameworks */ = {isa = PBXBuildFile; productRef = F44024622EBE44BD006053C2 /* FirebaseRemoteConfig */; };
		F44024652EBE44BD006053C2 /* FirebaseStorage in Frameworks */ = {isa = PBXBuildFile; productRef = F44024642EBE44BD006053C2 /* FirebaseStorage */; };
		F44024672EBE44BD006053C2 /* FirebaseStorageCombine-Community in Frameworks */ = {isa = PBXBuildFile; productRef = F44024662EBE44BD006053C2 /* FirebaseStorageCombine-Community */; };
		F440246A2EBE456A006053C2 /* GoogleSignIn in Frameworks */ = {isa = PBXBuildFile; productRef = F44024692EBE456A006053C2 /* GoogleSignIn */; };
		F440246C2EBE456A006053C2 /* GoogleSignInSwift in Frameworks */ = {isa = PBXBuildFile; productRef = F440246B2EBE456A006053C2 /* GoogleSignInSwift */; };
/* End PBXBuildFile section */

/* Begin PBXFileReference section */
		F4A100632EAF9A4000C39DAA /* CommonGround.app */ = {isa = PBXFileReference; explicitFileType = wrapper.application; includeInIndex = 0; path = CommonGround.app; sourceTree = BUILT_PRODUCTS_DIR; };
/* End PBXFileReference section */

/* Begin PBXFileSystemSynchronizedBuildFileExceptionSet section */
		F45C3BB72EB18FE200453CDD /* Exceptions for "CommonGround" folder in "CommonGround" target */ = {
			isa = PBXFileSystemSynchronizedBuildFileExceptionSet;
			membershipExceptions = (
				Info.plist,
			);
			target = F4A100622EAF9A4000C39DAA /* CommonGround */;
		};
/* End PBXFileSystemSynchronizedBuildFileExceptionSet section */

/* Begin PBXFileSystemSynchronizedRootGroup section */
		F4A100652EAF9A4000C39DAA /* CommonGround */ = {
			isa = PBXFileSystemSynchronizedRootGroup;
			exceptions = (
				F45C3BB72EB18FE200453CDD /* Exceptions for "CommonGround" folder in "CommonGround" target */,
			);
			path = CommonGround;
			sourceTree = "<group>";
		};
/* End PBXFileSystemSynchronizedRootGroup section */

/* Begin PBXFrameworksBuildPhase section */
		F4A100602EAF9A4000C39DAA /* Frameworks */ = {
			isa = PBXFrameworksBuildPhase;
			buildActionMask = 2147483647;
			files = (
				F44024452EBE44BC006053C2 /* FirebaseAppDistribution-Beta in Frameworks */,
				F44024512EBE44BC006053C2 /* FirebaseFirestore in Frameworks */,
				F44024492EBE44BC006053C2 /* FirebaseAuthCombine-Community in Frameworks */,
				F440245B2EBE44BC006053C2 /* FirebaseInstallations in Frameworks */,
				F440241C2EBE423D006053C2 /* FirebaseAILogic in Frameworks */,
				F440246C2EBE456A006053C2 /* GoogleSignInSwift in Frameworks */,
				F44024222EBE423D006053C2 /* FirebaseAnalyticsIdentitySupport in Frameworks */,
				F44024592EBE44BC006053C2 /* FirebaseInAppMessaging-Beta in Frameworks */,
				F440241A2EBE423D006053C2 /* FirebaseAI in Frameworks */,
				F440244D2EBE44BC006053C2 /* FirebaseCrashlytics in Frameworks */,
				F44024572EBE44BC006053C2 /* FirebaseFunctionsCombine-Community in Frameworks */,
				F44024672EBE44BD006053C2 /* FirebaseStorageCombine-Community in Frameworks */,
				F440244F2EBE44BC006053C2 /* FirebaseDatabase in Frameworks */,
				F44024652EBE44BD006053C2 /* FirebaseStorage in Frameworks */,
				F44024632EBE44BD006053C2 /* FirebaseRemoteConfig in Frameworks */,
				F440241E2EBE423D006053C2 /* FirebaseAnalytics in Frameworks */,
				F440246A2EBE456A006053C2 /* GoogleSignIn in Frameworks */,
				F440245F2EBE44BD006053C2 /* FirebaseMessaging in Frameworks */,
				F440245D2EBE44BD006053C2 /* FirebaseMLModelDownloader in Frameworks */,
				F44024612EBE44BD006053C2 /* FirebasePerformance in Frameworks */,
				F440244B2EBE44BC006053C2 /* FirebaseCore in Frameworks */,
				F44024432EBE44BC006053C2 /* FirebaseAppCheck in Frameworks */,
				F44024202EBE423D006053C2 /* FirebaseAnalyticsCore in Frameworks */,
				F44024552EBE44BC006053C2 /* FirebaseFunctions in Frameworks */,
				F44024472EBE44BC006053C2 /* FirebaseAuth in Frameworks */,
				F44024532EBE44BC006053C2 /* FirebaseFirestoreCombine-Community in Frameworks */,
			);
			runOnlyForDeploymentPostprocessing = 0;
		};
/* End PBXFrameworksBuildPhase section */

/* Begin PBXGroup section */
		F4A1005A2EAF9A4000C39DAA = {
			isa = PBXGroup;
			children = (
				F4A100652EAF9A4000C39DAA /* CommonGround */,
				F4A100642EAF9A4000C39DAA /* Products */,
			);
			sourceTree = "<group>";
		};
		F4A100642EAF9A4000C39DAA /* Products */ = {
			isa = PBXGroup;
			children = (
				F4A100632EAF9A4000C39DAA /* CommonGround.app */,
			);
			name = Products;
			sourceTree = "<group>";
		};
/* End PBXGroup section */

/* Begin PBXNativeTarget section */
		F4A100622EAF9A4000C39DAA /* CommonGround */ = {
			isa = PBXNativeTarget;
			buildConfigurationList = F4A1006E2EAF9A4200C39DAA /* Build configuration list for PBXNativeTarget "CommonGround" */;
			buildPhases = (
				F4A1005F2EAF9A4000C39DAA /* Sources */,
				F4A100602EAF9A4000C39DAA /* Frameworks */,
				F4A100612EAF9A4000C39DAA /* Resources */,
			);
			buildRules = (
			);
			dependencies = (
			);
			fileSystemSynchronizedGroups = (
				F4A100652EAF9A4000C39DAA /* CommonGround */,
			);
			name = CommonGround;
			packageProductDependencies = (
				F44024192EBE423D006053C2 /* FirebaseAI */,
				F440241B2EBE423D006053C2 /* FirebaseAILogic */,
				F440241D2EBE423D006053C2 /* FirebaseAnalytics */,
				F440241F2EBE423D006053C2 /* FirebaseAnalyticsCore */,
				F44024212EBE423D006053C2 /* FirebaseAnalyticsIdentitySupport */,
				F44024422EBE44BC006053C2 /* FirebaseAppCheck */,
				F44024442EBE44BC006053C2 /* FirebaseAppDistribution-Beta */,
				F44024462EBE44BC006053C2 /* FirebaseAuth */,
				F44024482EBE44BC006053C2 /* FirebaseAuthCombine-Community */,
				F440244A2EBE44BC006053C2 /* FirebaseCore */,
				F440244C2EBE44BC006053C2 /* FirebaseCrashlytics */,
				F440244E2EBE44BC006053C2 /* FirebaseDatabase */,
				F44024502EBE44BC006053C2 /* FirebaseFirestore */,
				F44024522EBE44BC006053C2 /* FirebaseFirestoreCombine-Community */,
				F44024542EBE44BC006053C2 /* FirebaseFunctions */,
				F44024562EBE44BC006053C2 /* FirebaseFunctionsCombine-Community */,
				F44024582EBE44BC006053C2 /* FirebaseInAppMessaging-Beta */,
				F440245A2EBE44BC006053C2 /* FirebaseInstallations */,
				F440245C2EBE44BD006053C2 /* FirebaseMLModelDownloader */,
				F440245E2EBE44BD006053C2 /* FirebaseMessaging */,
				F44024602EBE44BD006053C2 /* FirebasePerformance */,
				F44024622EBE44BD006053C2 /* FirebaseRemoteConfig */,
				F44024642EBE44BD006053C2 /* FirebaseStorage */,
				F44024662EBE44BD006053C2 /* FirebaseStorageCombine-Community */,
				F44024692EBE456A006053C2 /* GoogleSignIn */,
				F440246B2EBE456A006053C2 /* GoogleSignInSwift */,
			);
			productName = CommonGround;
			productReference = F4A100632EAF9A4000C39DAA /* CommonGround.app */;
			productType = "com.apple.product-type.application";
		};
/* End PBXNativeTarget section */

/* Begin PBXProject section */
		F4A1005B2EAF9A4000C39DAA /* Project object */ = {
			isa = PBXProject;
			attributes = {
				BuildIndependentTargetsInParallel = 1;
				LastSwiftUpdateCheck = 2600;
				LastUpgradeCheck = 2600;
				TargetAttributes = {
					F4A100622EAF9A4000C39DAA = {
						CreatedOnToolsVersion = 26.0.1;
					};
				};
			};
			buildConfigurationList = F4A1005E2EAF9A4000C39DAA /* Build configuration list for PBXProject "CommonGround" */;
			developmentRegion = en;
			hasScannedForEncodings = 0;
			knownRegions = (
				en,
				Base,
			);
			mainGroup = F4A1005A2EAF9A4000C39DAA;
			minimizedProjectReferenceProxies = 1;
			packageReferences = (
				F44024182EBE423D006053C2 /* XCRemoteSwiftPackageReference "firebase-ios-sdk" */,
				F44024682EBE456A006053C2 /* XCRemoteSwiftPackageReference "GoogleSignIn-iOS" */,
			);
			preferredProjectObjectVersion = 77;
			productRefGroup = F4A100642EAF9A4000C39DAA /* Products */;
			projectDirPath = "";
			projectRoot = "";
			targets = (
				F4A100622EAF9A4000C39DAA /* CommonGround */,
			);
		};
/* End PBXProject section */

/* Begin PBXResourcesBuildPhase section */
		F4A100612EAF9A4000C39DAA /* Resources */ = {
			isa = PBXResourcesBuildPhase;
			buildActionMask = 2147483647;
			files = (
			);
			runOnlyForDeploymentPostprocessing = 0;
		};
/* End PBXResourcesBuildPhase section */

/* Begin PBXSourcesBuildPhase section */
		F4A1005F2EAF9A4000C39DAA /* Sources */ = {
			isa = PBXSourcesBuildPhase;
			buildActionMask = 2147483647;
			files = (
			);
			runOnlyForDeploymentPostprocessing = 0;
		};
/* End PBXSourcesBuildPhase section */

/* Begin XCBuildConfiguration section */
		F4A1006C2EAF9A4200C39DAA /* Debug */ = {
			isa = XCBuildConfiguration;
			buildSettings = {
				ALWAYS_SEARCH_USER_PATHS = NO;
				ASSETCATALOG_COMPILER_GENERATE_SWIFT_ASSET_SYMBOL_EXTENSIONS = YES;
				CLANG_ANALYZER_NONNULL = YES;
				CLANG_ANALYZER_NUMBER_OBJECT_CONVERSION = YES_AGGRESSIVE;
				CLANG_CXX_LANGUAGE_STANDARD = "gnu++20";
				CLANG_ENABLE_MODULES = YES;
				CLANG_ENABLE_OBJC_ARC = YES;
				CLANG_ENABLE_OBJC_WEAK = YES;
				CLANG_WARN_BLOCK_CAPTURE_AUTORELEASING = YES;
				CLANG_WARN_BOOL_CONVERSION = YES;
				CLANG_WARN_COMMA = YES;
				CLANG_WARN_CONSTANT_CONVERSION = YES;
				CLANG_WARN_DEPRECATED_OBJC_IMPLEMENTATIONS = YES;
				CLANG_WARN_DIRECT_OBJC_ISA_USAGE = YES_ERROR;
				CLANG_WARN_DOCUMENTATION_COMMENTS = YES;
				CLANG_WARN_EMPTY_BODY = YES;
				CLANG_WARN_ENUM_CONVERSION = YES;
				CLANG_WARN_INFINITE_RECURSION = YES;
				CLANG_WARN_INT_CONVERSION = YES;
				CLANG_WARN_NON_LITERAL_NULL_CONVERSION = YES;
				CLANG_WARN_OBJC_IMPLICIT_RETAIN_SELF = YES;
				CLANG_WARN_OBJC_LITERAL_CONVERSION = YES;
				CLANG_WARN_OBJC_ROOT_CLASS = YES_ERROR;
				CLANG_WARN_QUOTED_INCLUDE_IN_FRAMEWORK_HEADER = YES;
				CLANG_WARN_RANGE_LOOP_ANALYSIS = YES;
				CLANG_WARN_STRICT_PROTOTYPES = YES;
				CLANG_WARN_SUSPICIOUS_MOVE = YES;
				CLANG_WARN_UNGUARDED_AVAILABILITY = YES_AGGRESSIVE;
				CLANG_WARN_UNREACHABLE_CODE = YES;
				CLANG_WARN__DUPLICATE_METHOD_MATCH = YES;
				COPY_PHASE_STRIP = NO;
				DEBUG_INFORMATION_FORMAT = dwarf;
				ENABLE_STRICT_OBJC_MSGSEND = YES;
				ENABLE_TESTABILITY = YES;
				ENABLE_USER_SCRIPT_SANDBOXING = YES;
				GCC_C_LANGUAGE_STANDARD = gnu17;
				GCC_DYNAMIC_NO_PIC = NO;
				GCC_NO_COMMON_BLOCKS = YES;
				GCC_OPTIMIZATION_LEVEL = 0;
				GCC_PREPROCESSOR_DEFINITIONS = (
					"DEBUG=1",
					"$(inherited)",
				);
				GCC_WARN_64_TO_32_BIT_CONVERSION = YES;
				GCC_WARN_ABOUT_RETURN_TYPE = YES_ERROR;
				GCC_WARN_UNDECLARED_SELECTOR = YES;
				GCC_WARN_UNINITIALIZED_AUTOS = YES_AGGRESSIVE;
				GCC_WARN_UNUSED_FUNCTION = YES;
				GCC_WARN_UNUSED_VARIABLE = YES;
				IPHONEOS_DEPLOYMENT_TARGET = 26.0;
				LOCALIZATION_PREFERS_STRING_CATALOGS = YES;
				MTL_ENABLE_DEBUG_INFO = INCLUDE_SOURCE;
				MTL_FAST_MATH = YES;
				ONLY_ACTIVE_ARCH = YES;
				SDKROOT = iphoneos;
				SWIFT_ACTIVE_COMPILATION_CONDITIONS = "DEBUG $(inherited)";
				SWIFT_OPTIMIZATION_LEVEL = "-Onone";
			};
			name = Debug;
		};
		F4A1006D2EAF9A4200C39DAA /* Release */ = {
			isa = XCBuildConfiguration;
			buildSettings = {
				ALWAYS_SEARCH_USER_PATHS = NO;
				ASSETCATALOG_COMPILER_GENERATE_SWIFT_ASSET_SYMBOL_EXTENSIONS = YES;
				CLANG_ANALYZER_NONNULL = YES;
				CLANG_ANALYZER_NUMBER_OBJECT_CONVERSION = YES_AGGRESSIVE;
				CLANG_CXX_LANGUAGE_STANDARD = "gnu++20";
				CLANG_ENABLE_MODULES = YES;
				CLANG_ENABLE_OBJC_ARC = YES;
				CLANG_ENABLE_OBJC_WEAK = YES;
				CLANG_WARN_BLOCK_CAPTURE_AUTORELEASING = YES;
				CLANG_WARN_BOOL_CONVERSION = YES;
				CLANG_WARN_COMMA = YES;
				CLANG_WARN_CONSTANT_CONVERSION = YES;
				CLANG_WARN_DEPRECATED_OBJC_IMPLEMENTATIONS = YES;
				CLANG_WARN_DIRECT_OBJC_ISA_USAGE = YES_ERROR;
				CLANG_WARN_DOCUMENTATION_COMMENTS = YES;
				CLANG_WARN_EMPTY_BODY = YES;
				CLANG_WARN_ENUM_CONVERSION = YES;
				CLANG_WARN_INFINITE_RECURSION = YES;
				CLANG_WARN_INT_CONVERSION = YES;
				CLANG_WARN_NON_LITERAL_NULL_CONVERSION = YES;
				CLANG_WARN_OBJC_IMPLICIT_RETAIN_SELF = YES;
				CLANG_WARN_OBJC_LITERAL_CONVERSION = YES;
				CLANG_WARN_OBJC_ROOT_CLASS = YES_ERROR;
				CLANG_WARN_QUOTED_INCLUDE_IN_FRAMEWORK_HEADER = YES;
				CLANG_WARN_RANGE_LOOP_ANALYSIS = YES;
				CLANG_WARN_STRICT_PROTOTYPES = YES;
				CLANG_WARN_SUSPICIOUS_MOVE = YES;
				CLANG_WARN_UNGUARDED_AVAILABILITY = YES_AGGRESSIVE;
				CLANG_WARN_UNREACHABLE_CODE = YES;
				CLANG_WARN__DUPLICATE_METHOD_MATCH = YES;
				COPY_PHASE_STRIP = NO;
				DEBUG_INFORMATION_FORMAT = "dwarf-with-dsym";
				ENABLE_NS_ASSERTIONS = NO;
				ENABLE_STRICT_OBJC_MSGSEND = YES;
				ENABLE_USER_SCRIPT_SANDBOXING = YES;
				GCC_C_LANGUAGE_STANDARD = gnu17;
				GCC_NO_COMMON_BLOCKS = YES;
				GCC_WARN_64_TO_32_BIT_CONVERSION = YES;
				GCC_WARN_ABOUT_RETURN_TYPE = YES_ERROR;
				GCC_WARN_UNDECLARED_SELECTOR = YES;
				GCC_WARN_UNINITIALIZED_AUTOS = YES_AGGRESSIVE;
				GCC_WARN_UNUSED_FUNCTION = YES;
				GCC_WARN_UNUSED_VARIABLE = YES;
				IPHONEOS_DEPLOYMENT_TARGET = 26.0;
				LOCALIZATION_PREFERS_STRING_CATALOGS = YES;
				MTL_ENABLE_DEBUG_INFO = NO;
				MTL_FAST_MATH = YES;
				SDKROOT = iphoneos;
				SWIFT_COMPILATION_MODE = wholemodule;
				VALIDATE_PRODUCT = YES;
			};
			name = Release;
		};
		F4A1006F2EAF9A4200C39DAA /* Debug */ = {
			isa = XCBuildConfiguration;
			buildSettings = {
				ASSETCATALOG_COMPILER_APPICON_NAME = AppIcon;
				ASSETCATALOG_COMPILER_GLOBAL_ACCENT_COLOR_NAME = AccentColor;
				CODE_SIGN_IDENTITY = "Apple Development";
				CODE_SIGN_STYLE = Automatic;
				CURRENT_PROJECT_VERSION = 1;
				DEVELOPMENT_TEAM = 54GMBRD6MS;
				ENABLE_PREVIEWS = YES;
				GENERATE_INFOPLIST_FILE = YES;
				INFOPLIST_FILE = CommonGround/Info.plist;
				INFOPLIST_KEY_NSLocationAlwaysAndWhenInUseUsageDescription = "We use your location to show nearby community places where you can connect.";
				INFOPLIST_KEY_NSLocationWhenInUseUsageDescription = "We use your location to show nearby community places where you can connect.";
				INFOPLIST_KEY_UIApplicationSceneManifest_Generation = YES;
				INFOPLIST_KEY_UIApplicationSupportsIndirectInputEvents = YES;
				INFOPLIST_KEY_UILaunchScreen_Generation = YES;
				INFOPLIST_KEY_UISupportedInterfaceOrientations_iPad = "UIInterfaceOrientationPortrait UIInterfaceOrientationPortraitUpsideDown UIInterfaceOrientationLandscapeLeft UIInterfaceOrientationLandscapeRight";
				INFOPLIST_KEY_UISupportedInterfaceOrientations_iPhone = "UIInterfaceOrientationPortrait UIInterfaceOrientationLandscapeLeft UIInterfaceOrientationLandscapeRight";
				LD_RUNPATH_SEARCH_PATHS = (
					"$(inherited)",
					"@executable_path/Frameworks",
				);
				MARKETING_VERSION = 1.0;
				PRODUCT_BUNDLE_IDENTIFIER = com.bolindsey.CommonGround;
				PRODUCT_NAME = "$(TARGET_NAME)";
				PROVISIONING_PROFILE_SPECIFIER = "";
				STRING_CATALOG_GENERATE_SYMBOLS = YES;
				SWIFT_APPROACHABLE_CONCURRENCY = YES;
				SWIFT_DEFAULT_ACTOR_ISOLATION = MainActor;
				SWIFT_EMIT_LOC_STRINGS = YES;
				SWIFT_UPCOMING_FEATURE_MEMBER_IMPORT_VISIBILITY = YES;
				SWIFT_VERSION = 5.0;
				TARGETED_DEVICE_FAMILY = "1,2";
			};
			name = Debug;
		};
		F4A100702EAF9A4200C39DAA /* Release */ = {
			isa = XCBuildConfiguration;
			buildSettings = {
				ASSETCATALOG_COMPILER_APPICON_NAME = AppIcon;
				ASSETCATALOG_COMPILER_GLOBAL_ACCENT_COLOR_NAME = AccentColor;
				CODE_SIGN_IDENTITY = "Apple Development";
				CODE_SIGN_STYLE = Automatic;
				CURRENT_PROJECT_VERSION = 1;
				DEVELOPMENT_TEAM = 54GMBRD6MS;
				ENABLE_PREVIEWS = YES;
				GENERATE_INFOPLIST_FILE = YES;
				INFOPLIST_FILE = CommonGround/Info.plist;
				INFOPLIST_KEY_NSLocationAlwaysAndWhenInUseUsageDescription = "We use your location to show nearby community places where you can connect.";
				INFOPLIST_KEY_NSLocationWhenInUseUsageDescription = "We use your location to show nearby community places where you can connect.";
				INFOPLIST_KEY_UIApplicationSceneManifest_Generation = YES;
				INFOPLIST_KEY_UIApplicationSupportsIndirectInputEvents = YES;
				INFOPLIST_KEY_UILaunchScreen_Generation = YES;
				INFOPLIST_KEY_UISupportedInterfaceOrientations_iPad = "UIInterfaceOrientationPortrait UIInterfaceOrientationPortraitUpsideDown UIInterfaceOrientationLandscapeLeft UIInterfaceOrientationLandscapeRight";
				INFOPLIST_KEY_UISupportedInterfaceOrientations_iPhone = "UIInterfaceOrientationPortrait UIInterfaceOrientationLandscapeLeft UIInterfaceOrientationLandscapeRight";
				LD_RUNPATH_SEARCH_PATHS = (
					"$(inherited)",
					"@executable_path/Frameworks",
				);
				MARKETING_VERSION = 1.0;
				PRODUCT_BUNDLE_IDENTIFIER = com.bolindsey.CommonGround;
				PRODUCT_NAME = "$(TARGET_NAME)";
				PROVISIONING_PROFILE_SPECIFIER = "";
				STRING_CATALOG_GENERATE_SYMBOLS = YES;
				SWIFT_APPROACHABLE_CONCURRENCY = YES;
				SWIFT_DEFAULT_ACTOR_ISOLATION = MainActor;
				SWIFT_EMIT_LOC_STRINGS = YES;
				SWIFT_UPCOMING_FEATURE_MEMBER_IMPORT_VISIBILITY = YES;
				SWIFT_VERSION = 5.0;
				TARGETED_DEVICE_FAMILY = "1,2";
			};
			name = Release;
		};
/* End XCBuildConfiguration section */

/* Begin XCConfigurationList section */
		F4A1005E2EAF9A4000C39DAA /* Build configuration list for PBXProject "CommonGround" */ = {
			isa = XCConfigurationList;
			buildConfigurations = (
				F4A1006C2EAF9A4200C39DAA /* Debug */,
				F4A1006D2EAF9A4200C39DAA /* Release */,
			);
			defaultConfigurationIsVisible = 0;
			defaultConfigurationName = Release;
		};
		F4A1006E2EAF9A4200C39DAA /* Build configuration list for PBXNativeTarget "CommonGround" */ = {
			isa = XCConfigurationList;
			buildConfigurations = (
				F4A1006F2EAF9A4200C39DAA /* Debug */,
				F4A100702EAF9A4200C39DAA /* Release */,
			);
			defaultConfigurationIsVisible = 0;
			defaultConfigurationName = Release;
		};
/* End XCConfigurationList section */

/* Begin XCRemoteSwiftPackageReference section */
		F44024182EBE423D006053C2 /* XCRemoteSwiftPackageReference "firebase-ios-sdk" */ = {
			isa = XCRemoteSwiftPackageReference;
			repositoryURL = "https://github.com/firebase/firebase-ios-sdk";
			requirement = {
				kind = upToNextMajorVersion;
				minimumVersion = 12.5.0;
			};
		};
		F44024682EBE456A006053C2 /* XCRemoteSwiftPackageReference "GoogleSignIn-iOS" */ = {
			isa = XCRemoteSwiftPackageReference;
			repositoryURL = "https://github.com/google/GoogleSignIn-iOS";
			requirement = {
				kind = upToNextMajorVersion;
				minimumVersion = 9.0.0;
			};
		};
/* End XCRemoteSwiftPackageReference section */

/* Begin XCSwiftPackageProductDependency section */
		F44024192EBE423D006053C2 /* FirebaseAI */ = {
			isa = XCSwiftPackageProductDependency;
			package = F44024182EBE423D006053C2 /* XCRemoteSwiftPackageReference "firebase-ios-sdk" */;
			productName = FirebaseAI;
		};
		F440241B2EBE423D006053C2 /* FirebaseAILogic */ = {
			isa = XCSwiftPackageProductDependency;
			package = F44024182EBE423D006053C2 /* XCRemoteSwiftPackageReference "firebase-ios-sdk" */;
			productName = FirebaseAILogic;
		};
		F440241D2EBE423D006053C2 /* FirebaseAnalytics */ = {
			isa = XCSwiftPackageProductDependency;
			package = F44024182EBE423D006053C2 /* XCRemoteSwiftPackageReference "firebase-ios-sdk" */;
			productName = FirebaseAnalytics;
		};
		F440241F2EBE423D006053C2 /* FirebaseAnalyticsCore */ = {
			isa = XCSwiftPackageProductDependency;
			package = F44024182EBE423D006053C2 /* XCRemoteSwiftPackageReference "firebase-ios-sdk" */;
			productName = FirebaseAnalyticsCore;
		};
		F44024212EBE423D006053C2 /* FirebaseAnalyticsIdentitySupport */ = {
			isa = XCSwiftPackageProductDependency;
			package = F44024182EBE423D006053C2 /* XCRemoteSwiftPackageReference "firebase-ios-sdk" */;
			productName = FirebaseAnalyticsIdentitySupport;
		};
		F44024422EBE44BC006053C2 /* FirebaseAppCheck */ = {
			isa = XCSwiftPackageProductDependency;
			package = F44024182EBE423D006053C2 /* XCRemoteSwiftPackageReference "firebase-ios-sdk" */;
			productName = FirebaseAppCheck;
		};
		F44024442EBE44BC006053C2 /* FirebaseAppDistribution-Beta */ = {
			isa = XCSwiftPackageProductDependency;
			package = F44024182EBE423D006053C2 /* XCRemoteSwiftPackageReference "firebase-ios-sdk" */;
			productName = "FirebaseAppDistribution-Beta";
		};
		F44024462EBE44BC006053C2 /* FirebaseAuth */ = {
			isa = XCSwiftPackageProductDependency;
			package = F44024182EBE423D006053C2 /* XCRemoteSwiftPackageReference "firebase-ios-sdk" */;
			productName = FirebaseAuth;
		};
		F44024482EBE44BC006053C2 /* FirebaseAuthCombine-Community */ = {
			isa = XCSwiftPackageProductDependency;
			package = F44024182EBE423D006053C2 /* XCRemoteSwiftPackageReference "firebase-ios-sdk" */;
			productName = "FirebaseAuthCombine-Community";
		};
		F440244A2EBE44BC006053C2 /* FirebaseCore */ = {
			isa = XCSwiftPackageProductDependency;
			package = F44024182EBE423D006053C2 /* XCRemoteSwiftPackageReference "firebase-ios-sdk" */;
			productName = FirebaseCore;
		};
		F440244C2EBE44BC006053C2 /* FirebaseCrashlytics */ = {
			isa = XCSwiftPackageProductDependency;
			package = F44024182EBE423D006053C2 /* XCRemoteSwiftPackageReference "firebase-ios-sdk" */;
			productName = FirebaseCrashlytics;
		};
		F440244E2EBE44BC006053C2 /* FirebaseDatabase */ = {
			isa = XCSwiftPackageProductDependency;
			package = F44024182EBE423D006053C2 /* XCRemoteSwiftPackageReference "firebase-ios-sdk" */;
			productName = FirebaseDatabase;
		};
		F44024502EBE44BC006053C2 /* FirebaseFirestore */ = {
			isa = XCSwiftPackageProductDependency;
			package = F44024182EBE423D006053C2 /* XCRemoteSwiftPackageReference "firebase-ios-sdk" */;
			productName = FirebaseFirestore;
		};
		F44024522EBE44BC006053C2 /* FirebaseFirestoreCombine-Community */ = {
			isa = XCSwiftPackageProductDependency;
			package = F44024182EBE423D006053C2 /* XCRemoteSwiftPackageReference "firebase-ios-sdk" */;
			productName = "FirebaseFirestoreCombine-Community";
		};
		F44024542EBE44BC006053C2 /* FirebaseFunctions */ = {
			isa = XCSwiftPackageProductDependency;
			package = F44024182EBE423D006053C2 /* XCRemoteSwiftPackageReference "firebase-ios-sdk" */;
			productName = FirebaseFunctions;
		};
		F44024562EBE44BC006053C2 /* FirebaseFunctionsCombine-Community */ = {
			isa = XCSwiftPackageProductDependency;
			package = F44024182EBE423D006053C2 /* XCRemoteSwiftPackageReference "firebase-ios-sdk" */;
			productName = "FirebaseFunctionsCombine-Community";
		};
		F44024582EBE44BC006053C2 /* FirebaseInAppMessaging-Beta */ = {
			isa = XCSwiftPackageProductDependency;
			package = F44024182EBE423D006053C2 /* XCRemoteSwiftPackageReference "firebase-ios-sdk" */;
			productName = "FirebaseInAppMessaging-Beta";
		};
		F440245A2EBE44BC006053C2 /* FirebaseInstallations */ = {
			isa = XCSwiftPackageProductDependency;
			package = F44024182EBE423D006053C2 /* XCRemoteSwiftPackageReference "firebase-ios-sdk" */;
			productName = FirebaseInstallations;
		};
		F440245C2EBE44BD006053C2 /* FirebaseMLModelDownloader */ = {
			isa = XCSwiftPackageProductDependency;
			package = F44024182EBE423D006053C2 /* XCRemoteSwiftPackageReference "firebase-ios-sdk" */;
			productName = FirebaseMLModelDownloader;
		};
		F440245E2EBE44BD006053C2 /* FirebaseMessaging */ = {
			isa = XCSwiftPackageProductDependency;
			package = F44024182EBE423D006053C2 /* XCRemoteSwiftPackageReference "firebase-ios-sdk" */;
			productName = FirebaseMessaging;
		};
		F44024602EBE44BD006053C2 /* FirebasePerformance */ = {
			isa = XCSwiftPackageProductDependency;
			package = F44024182EBE423D006053C2 /* XCRemoteSwiftPackageReference "firebase-ios-sdk" */;
			productName = FirebasePerformance;
		};
		F44024622EBE44BD006053C2 /* FirebaseRemoteConfig */ = {
			isa = XCSwiftPackageProductDependency;
			package = F44024182EBE423D006053C2 /* XCRemoteSwiftPackageReference "firebase-ios-sdk" */;
			productName = FirebaseRemoteConfig;
		};
		F44024642EBE44BD006053C2 /* FirebaseStorage */ = {
			isa = XCSwiftPackageProductDependency;
			package = F44024182EBE423D006053C2 /* XCRemoteSwiftPackageReference "firebase-ios-sdk" */;
			productName = FirebaseStorage;
		};
		F44024662EBE44BD006053C2 /* FirebaseStorageCombine-Community */ = {
			isa = XCSwiftPackageProductDependency;
			package = F44024182EBE423D006053C2 /* XCRemoteSwiftPackageReference "firebase-ios-sdk" */;
			productName = "FirebaseStorageCombine-Community";
		};
		F44024692EBE456A006053C2 /* GoogleSignIn */ = {
			isa = XCSwiftPackageProductDependency;
			package = F44024682EBE456A006053C2 /* XCRemoteSwiftPackageReference "GoogleSignIn-iOS" */;
			productName = GoogleSignIn;
		};
		F440246B2EBE456A006053C2 /* GoogleSignInSwift */ = {
			isa = XCSwiftPackageProductDependency;
			package = F44024682EBE456A006053C2 /* XCRemoteSwiftPackageReference "GoogleSignIn-iOS" */;
			productName = GoogleSignInSwift;
		};
/* End XCSwiftPackageProductDependency section */
	};
	rootObject = F4A1005B2EAF9A4000C39DAA /* Project object */;
}
